
Microsoft Visual Studio Solution File, Format Version 12.00
# Visual Studio Version 17
VisualStudioVersion = 17.1.32228.430
MinimumVisualStudioVersion = 10.0.40219.1
Project("{8BC9CEB8-8B4A-11D0-8D11-00A0C91BC942}") = "21127014_Ex01", "21127014_Ex01\21127014_Ex01.vcxproj", "{55BF9452-65EC-4838-B84F-E051C94402ED}"
EndProject
Global
	GlobalSection(SolutionConfigurationPlatforms) = preSolution
		Debug|x64 = Debug|x64
		Debug|x86 = Debug|x86
		Release|x64 = Release|x64
		Release|x86 = Release|x86
	EndGlobalSection
	GlobalSection(ProjectConfigurationPlatforms) = postSolution
		{55BF9452-65EC-4838-B84F-E051C94402ED}.Debug|x64.ActiveCfg = Debug|x64
		{55BF9452-65EC-4838-B84F-E051C94402ED}.Debug|x64.Build.0 = Debug|x64
		{55BF9452-65EC-4838-B84F-E051C94402ED}.Debug|x86.ActiveCfg = Debug|Win32
		{55BF9452-65EC-4838-B84F-E051C94402ED}.Debug|x86.Build.0 = Debug|Win32
		{55BF9452-65EC-4838-B84F-E051C94402ED}.Release|x64.ActiveCfg = Release|x64
		{55BF9452-65EC-4838-B84F-E051C94402ED}.Release|x64.Build.0 = Release|x64
		{55BF9452-65EC-4838-B84F-E051C94402ED}.Release|x86.ActiveCfg = Release|Win32
		{55BF9452-65EC-4838-B84F-E051C94402ED}.Release|x86.Build.0 = Release|Win32
	EndGlobalSection
	GlobalSection(SolutionProperties) = preSolution
		HideSolutionNode = FALSE
	EndGlobalSection
	GlobalSection(ExtensibilityGlobals) = postSolution
		SolutionGuid = {C496511E-1CBF-4EBF-9577-21B0AC769804}
	EndGlobalSection
EndGlobal
